
Microsoft Visual Studio Solution File, Format Version 12.00
# Visual Studio Version 17
VisualStudioVersion = 17.9.34714.143
MinimumVisualStudioVersion = 10.0.40219.1
Project("{9A19103F-16F7-4668-BE54-9A1E7A4F7556}") = "SmartPaths", "Source\SmartPaths\SmartPaths.csproj", "{90014FEB-50BC-4776-AB32-647D75F5ED9C}"
EndProject
Project("{9A19103F-16F7-4668-BE54-9A1E7A4F7556}") = "SmartPaths.IsolatedStorage", "Source\SmartPaths.IsolatedStorage\SmartPaths.IsolatedStorage.csproj", "{9980E5C4-2EC5-4AB8-BC15-030E29A559CB}"
EndProject
Project("{2150E333-8FDC-42A3-9474-1A3956D46DE8}") = "Build", "Build", "{5E2A259E-1E59-432F-AD1A-C97A78115B9F}"
EndProject
Project("{2150E333-8FDC-42A3-9474-1A3956D46DE8}") = "Source", "Source", "{B0913350-8FE2-4820-AEF9-F8A0218010BB}"
	ProjectSection(SolutionItems) = preProject
		Notes.txt = Notes.txt
	EndProjectSection
EndProject
Project("{2150E333-8FDC-42A3-9474-1A3956D46DE8}") = "Tests", "Tests", "{AEFC5B51-43E6-43EB-B4AC-ED9583F79865}"
EndProject
Project("{9A19103F-16F7-4668-BE54-9A1E7A4F7556}") = "SmartPaths.Tests", "Tests\SmartPaths.Tests\SmartPaths.Tests.csproj", "{9BFDDA98-B128-46EE-BB6C-9BF431FC250D}"
EndProject
Project("{9A19103F-16F7-4668-BE54-9A1E7A4F7556}") = "SmartPaths.IsolatedStorage.Tests", "Tests\SmartPaths.IsolatedStorage.Tests\SmartPaths.IsolatedStorage.Tests.csproj", "{DBF0443A-E077-4565-994C-EF7AD350DDA8}"
EndProject
Project("{9A19103F-16F7-4668-BE54-9A1E7A4F7556}") = "_build", "build\_build.csproj", "{EF7C0419-F798-453D-8ACF-D624D8F916C8}"
EndProject
Global
	GlobalSection(SolutionConfigurationPlatforms) = preSolution
		Debug|Any CPU = Debug|Any CPU
		Release|Any CPU = Release|Any CPU
	EndGlobalSection
	GlobalSection(ProjectConfigurationPlatforms) = postSolution
		{90014FEB-50BC-4776-AB32-647D75F5ED9C}.Debug|Any CPU.ActiveCfg = Debug|Any CPU
		{90014FEB-50BC-4776-AB32-647D75F5ED9C}.Debug|Any CPU.Build.0 = Debug|Any CPU
		{90014FEB-50BC-4776-AB32-647D75F5ED9C}.Release|Any CPU.ActiveCfg = Release|Any CPU
		{90014FEB-50BC-4776-AB32-647D75F5ED9C}.Release|Any CPU.Build.0 = Release|Any CPU
		{9980E5C4-2EC5-4AB8-BC15-030E29A559CB}.Debug|Any CPU.ActiveCfg = Debug|Any CPU
		{9980E5C4-2EC5-4AB8-BC15-030E29A559CB}.Debug|Any CPU.Build.0 = Debug|Any CPU
		{9980E5C4-2EC5-4AB8-BC15-030E29A559CB}.Release|Any CPU.ActiveCfg = Release|Any CPU
		{9980E5C4-2EC5-4AB8-BC15-030E29A559CB}.Release|Any CPU.Build.0 = Release|Any CPU
		{9BFDDA98-B128-46EE-BB6C-9BF431FC250D}.Debug|Any CPU.ActiveCfg = Debug|Any CPU
		{9BFDDA98-B128-46EE-BB6C-9BF431FC250D}.Debug|Any CPU.Build.0 = Debug|Any CPU
		{9BFDDA98-B128-46EE-BB6C-9BF431FC250D}.Release|Any CPU.ActiveCfg = Release|Any CPU
		{9BFDDA98-B128-46EE-BB6C-9BF431FC250D}.Release|Any CPU.Build.0 = Release|Any CPU
		{DBF0443A-E077-4565-994C-EF7AD350DDA8}.Debug|Any CPU.ActiveCfg = Debug|Any CPU
		{DBF0443A-E077-4565-994C-EF7AD350DDA8}.Debug|Any CPU.Build.0 = Debug|Any CPU
		{DBF0443A-E077-4565-994C-EF7AD350DDA8}.Release|Any CPU.ActiveCfg = Release|Any CPU
		{DBF0443A-E077-4565-994C-EF7AD350DDA8}.Release|Any CPU.Build.0 = Release|Any CPU
		{EF7C0419-F798-453D-8ACF-D624D8F916C8}.Debug|Any CPU.ActiveCfg = Debug|Any CPU
		{EF7C0419-F798-453D-8ACF-D624D8F916C8}.Release|Any CPU.ActiveCfg = Release|Any CPU
	EndGlobalSection
	GlobalSection(SolutionProperties) = preSolution
		HideSolutionNode = FALSE
	EndGlobalSection
	GlobalSection(NestedProjects) = preSolution
		{90014FEB-50BC-4776-AB32-647D75F5ED9C} = {B0913350-8FE2-4820-AEF9-F8A0218010BB}
		{9980E5C4-2EC5-4AB8-BC15-030E29A559CB} = {B0913350-8FE2-4820-AEF9-F8A0218010BB}
		{9BFDDA98-B128-46EE-BB6C-9BF431FC250D} = {AEFC5B51-43E6-43EB-B4AC-ED9583F79865}
		{DBF0443A-E077-4565-994C-EF7AD350DDA8} = {AEFC5B51-43E6-43EB-B4AC-ED9583F79865}
		{EF7C0419-F798-453D-8ACF-D624D8F916C8} = {5E2A259E-1E59-432F-AD1A-C97A78115B9F}
	EndGlobalSection
	GlobalSection(ExtensibilityGlobals) = postSolution
		SolutionGuid = {F160EBE3-492A-4FD3-8415-156F27EE1D41}
	EndGlobalSection
EndGlobal
