
Microsoft Visual Studio Solution File, Format Version 12.00
# Visual Studio Version 17
VisualStudioVersion = 17.9.34714.143
MinimumVisualStudioVersion = 10.0.40219.1
Project("{9A19103F-16F7-4668-BE54-9A1E7A4F7556}") = "SmartPaths", "Source\SmartPaths\SmartPaths.csproj", "{90014FEB-50BC-4776-AB32-647D75F5ED9C}"
EndProject
Project("{2150E333-8FDC-42A3-9474-1A3956D46DE8}") = "Build", "Build", "{5E2A259E-1E59-432F-AD1A-C97A78115B9F}"
EndProject
Project("{2150E333-8FDC-42A3-9474-1A3956D46DE8}") = "Source", "Source", "{B0913350-8FE2-4820-AEF9-F8A0218010BB}"
EndProject
Project("{2150E333-8FDC-42A3-9474-1A3956D46DE8}") = "Tests", "Tests", "{AEFC5B51-43E6-43EB-B4AC-ED9583F79865}"
EndProject
Project("{9A19103F-16F7-4668-BE54-9A1E7A4F7556}") = "SmartPaths.Tests", "Tests\SmartPaths.Tests\SmartPaths.Tests.csproj", "{9BFDDA98-B128-46EE-BB6C-9BF431FC250D}"
EndProject
Project("{9A19103F-16F7-4668-BE54-9A1E7A4F7556}") = "_build", "build\_build.csproj", "{EF7C0419-F798-453D-8ACF-D624D8F916C8}"
EndProject
Project("{2150E333-8FDC-42A3-9474-1A3956D46DE8}") = "Docs", "Docs", "{27FDB090-989C-4E50-90F1-DFEB2C54219F}"
	ProjectSection(SolutionItems) = preProject
		License.txt = License.txt
		ReadMe.md = ReadMe.md
	EndProjectSection
EndProject
Project("{FAE04EC0-301F-11D3-BF4B-00C04F79EFBC}") = "Verify.SmartPaths", "Source\Verify.SmartPaths\Verify.SmartPaths.csproj", "{73F061F4-9242-4DAB-B294-D4B57C77BB31}"
EndProject
Project("{FAE04EC0-301F-11D3-BF4B-00C04F79EFBC}") = "Verify.SmartPaths.Tests", "Tests\Verify.SmartPaths.Tests\Verify.SmartPaths.Tests.csproj", "{3026B018-FB55-409E-8D8A-E1F5703628FE}"
EndProject
Global
	GlobalSection(SolutionConfigurationPlatforms) = preSolution
		Debug|Any CPU = Debug|Any CPU
		Release|Any CPU = Release|Any CPU
	EndGlobalSection
	GlobalSection(ProjectConfigurationPlatforms) = postSolution
		{90014FEB-50BC-4776-AB32-647D75F5ED9C}.Debug|Any CPU.ActiveCfg = Debug|Any CPU
		{90014FEB-50BC-4776-AB32-647D75F5ED9C}.Debug|Any CPU.Build.0 = Debug|Any CPU
		{90014FEB-50BC-4776-AB32-647D75F5ED9C}.Release|Any CPU.ActiveCfg = Release|Any CPU
		{90014FEB-50BC-4776-AB32-647D75F5ED9C}.Release|Any CPU.Build.0 = Release|Any CPU
		{9BFDDA98-B128-46EE-BB6C-9BF431FC250D}.Debug|Any CPU.ActiveCfg = Debug|Any CPU
		{9BFDDA98-B128-46EE-BB6C-9BF431FC250D}.Debug|Any CPU.Build.0 = Debug|Any CPU
		{9BFDDA98-B128-46EE-BB6C-9BF431FC250D}.Release|Any CPU.ActiveCfg = Release|Any CPU
		{9BFDDA98-B128-46EE-BB6C-9BF431FC250D}.Release|Any CPU.Build.0 = Release|Any CPU
		{EF7C0419-F798-453D-8ACF-D624D8F916C8}.Debug|Any CPU.ActiveCfg = Debug|Any CPU
		{EF7C0419-F798-453D-8ACF-D624D8F916C8}.Release|Any CPU.ActiveCfg = Release|Any CPU
		{73F061F4-9242-4DAB-B294-D4B57C77BB31}.Debug|Any CPU.ActiveCfg = Debug|Any CPU
		{73F061F4-9242-4DAB-B294-D4B57C77BB31}.Debug|Any CPU.Build.0 = Debug|Any CPU
		{73F061F4-9242-4DAB-B294-D4B57C77BB31}.Release|Any CPU.ActiveCfg = Release|Any CPU
		{73F061F4-9242-4DAB-B294-D4B57C77BB31}.Release|Any CPU.Build.0 = Release|Any CPU
		{3026B018-FB55-409E-8D8A-E1F5703628FE}.Debug|Any CPU.ActiveCfg = Debug|Any CPU
		{3026B018-FB55-409E-8D8A-E1F5703628FE}.Debug|Any CPU.Build.0 = Debug|Any CPU
		{3026B018-FB55-409E-8D8A-E1F5703628FE}.Release|Any CPU.ActiveCfg = Release|Any CPU
		{3026B018-FB55-409E-8D8A-E1F5703628FE}.Release|Any CPU.Build.0 = Release|Any CPU
	EndGlobalSection
	GlobalSection(SolutionProperties) = preSolution
		HideSolutionNode = FALSE
	EndGlobalSection
	GlobalSection(NestedProjects) = preSolution
		{90014FEB-50BC-4776-AB32-647D75F5ED9C} = {B0913350-8FE2-4820-AEF9-F8A0218010BB}
		{9BFDDA98-B128-46EE-BB6C-9BF431FC250D} = {AEFC5B51-43E6-43EB-B4AC-ED9583F79865}
		{EF7C0419-F798-453D-8ACF-D624D8F916C8} = {5E2A259E-1E59-432F-AD1A-C97A78115B9F}
		{73F061F4-9242-4DAB-B294-D4B57C77BB31} = {B0913350-8FE2-4820-AEF9-F8A0218010BB}
		{3026B018-FB55-409E-8D8A-E1F5703628FE} = {AEFC5B51-43E6-43EB-B4AC-ED9583F79865}
	EndGlobalSection
	GlobalSection(ExtensibilityGlobals) = postSolution
		SolutionGuid = {F160EBE3-492A-4FD3-8415-156F27EE1D41}
	EndGlobalSection
EndGlobal
